<?xml version="1.0" encoding="utf-8"?>
<Project ToolsVersion="4.0" xmlns="http://schemas.microsoft.com/developer/msbuild/2003">
  <ItemGroup>
    <Filter Include="리소스 파일">
      <UniqueIdentifier>{67DA6AB6-F800-4c08-8B7A-83BB121AAD01}</UniqueIdentifier>
      <Extensions>rc;ico;cur;bmp;dlg;rc2;rct;bin;rgs;gif;jpg;jpeg;jpe;resx;tiff;tif;png;wav;mfcribbon-ms</Extensions>
    </Filter>
    <Filter Include="pch">
      <UniqueIdentifier>{41d92f4e-e75e-4678-abeb-6a4a1ab639c9}</UniqueIdentifier>
    </Filter>
    <Filter Include="source">
      <UniqueIdentifier>{4FC737F1-C7A5-4376-A066-2A32D752A2FF}</UniqueIdentifier>
      <Extensions>cpp;c;cc;cxx;c++;cppm;ixx;def;odl;idl;hpj;bat;asm;asmx</Extensions>
    </Filter>
    <Filter Include="Graphics">
      <UniqueIdentifier>{fedd1e4f-1f4c-4201-bab8-b3fef6fee311}</UniqueIdentifier>
    </Filter>
    <Filter Include="Shader">
      <UniqueIdentifier>{5c514b64-9897-472d-9f05-44ff7633186d}</UniqueIdentifier>
    </Filter>
    <Filter Include="game">
      <UniqueIdentifier>{044d9b67-07af-41d5-ad03-e2ba1f0f8593}</UniqueIdentifier>
    </Filter>
  </ItemGroup>
  <ItemGroup>
    <ClCompile Include="main.cpp">
      <Filter>source</Filter>
    </ClCompile>
    <ClCompile Include="Component.cpp">
      <Filter>source</Filter>
    </ClCompile>
    <ClCompile Include="pch.cpp">
      <Filter>pch</Filter>
    </ClCompile>
    <ClCompile Include="InputComponent.cpp">
      <Filter>source</Filter>
    </ClCompile>
    <ClCompile Include="Input.cpp">
      <Filter>source</Filter>
    </ClCompile>
    <ClCompile Include="PhysicsComponent.cpp">
      <Filter>source</Filter>
    </ClCompile>
    <ClCompile Include="Window.cpp">
      <Filter>source</Filter>
    </ClCompile>
    <ClCompile Include="Shader.cpp">
      <Filter>Graphics</Filter>
    </ClCompile>
    <ClCompile Include="GraphicsBuffer.cpp">
      <Filter>Graphics</Filter>
    </ClCompile>
    <ClCompile Include="Model.cpp">
      <Filter>Graphics</Filter>
    </ClCompile>
    <ClCompile Include="Texture.cpp">
      <Filter>Graphics</Filter>
    </ClCompile>
    <ClCompile Include="stbi_image.cpp">
      <Filter>source</Filter>
    </ClCompile>
    <ClCompile Include="Camera.cpp">
      <Filter>Graphics</Filter>
    </ClCompile>
    <ClCompile Include="Lighting.cpp">
      <Filter>Graphics</Filter>
    </ClCompile>
    <ClCompile Include="GameObject.cpp">
      <Filter>game</Filter>
    </ClCompile>
    <ClCompile Include="GameScene.cpp">
      <Filter>game</Filter>
    </ClCompile>
    <ClCompile Include="GameTimer.cpp">
      <Filter>game</Filter>
    </ClCompile>
    <ClCompile Include="GameFrame.cpp">
      <Filter>game</Filter>
    </ClCompile>
    <ClCompile Include="Transform.cpp">
      <Filter>source</Filter>
    </ClCompile>
    <ClCompile Include="..\External\Include\DirectXTK12\SimpleMath.cpp">
      <Filter>source</Filter>
    </ClCompile>
  </ItemGroup>
  <ItemGroup>
    <ClInclude Include="pch.h">
      <Filter>pch</Filter>
    </ClInclude>
    <ClInclude Include="InputComponent.h">
      <Filter>source</Filter>
    </ClInclude>
    <ClInclude Include="Input.h">
      <Filter>source</Filter>
    </ClInclude>
    <ClInclude Include="PhysicsComponent.h">
      <Filter>source</Filter>
    </ClInclude>
    <ClInclude Include="Window.h">
      <Filter>source</Filter>
    </ClInclude>
    <ClInclude Include="Shader.h">
      <Filter>Graphics</Filter>
    </ClInclude>
    <ClInclude Include="GraphicsBuffer.h">
      <Filter>Graphics</Filter>
    </ClInclude>
    <ClInclude Include="Model.h">
      <Filter>Graphics</Filter>
    </ClInclude>
    <ClInclude Include="Texture.h">
      <Filter>Graphics</Filter>
    </ClInclude>
    <ClInclude Include="stb_image.h">
      <Filter>source</Filter>
    </ClInclude>
    <ClInclude Include="Camera.h">
      <Filter>Graphics</Filter>
    </ClInclude>
    <ClInclude Include="Lighting.h">
      <Filter>Graphics</Filter>
    </ClInclude>
    <ClInclude Include="Component.h">
      <Filter>source</Filter>
    </ClInclude>
    <ClInclude Include="GameObject.h">
      <Filter>game</Filter>
    </ClInclude>
    <ClInclude Include="GameScene.h">
      <Filter>game</Filter>
    </ClInclude>
    <ClInclude Include="GameTimer.h">
      <Filter>game</Filter>
    </ClInclude>
    <ClInclude Include="GameFrame.h">
      <Filter>game</Filter>
    </ClInclude>
    <ClInclude Include="Transform.h">
      <Filter>source</Filter>
    </ClInclude>
  </ItemGroup>
  <ItemGroup>
    <None Include="shader\static_fragment_shader.glsl">
      <Filter>Shader</Filter>
    </None>
    <None Include="shader\static_vertex_shader.glsl">
      <Filter>Shader</Filter>
    </None>
    <None Include="lighting_object_vs.glsl">
      <Filter>Shader</Filter>
    </None>
    <None Include="lighting_object_fs.glsl">
      <Filter>Shader</Filter>
    </None>
  </ItemGroup>
</Project>